// !$*UTF8*$!
{
	archiveVersion = 1;
	classes = {
	};
	objectVersion = 56;
	objects = {

/* Begin PBXBuildFile section */
		2A51FA7428EF0644003D3EA1 /* EssentialGhibliApp.swift in Sources */ = {isa = PBXBuildFile; fileRef = 2A51FA7328EF0644003D3EA1 /* EssentialGhibliApp.swift */; };
		2A51FA7628EF0644003D3EA1 /* ContentView.swift in Sources */ = {isa = PBXBuildFile; fileRef = 2A51FA7528EF0644003D3EA1 /* ContentView.swift */; };
		2A51FA7828EF0646003D3EA1 /* Assets.xcassets in Resources */ = {isa = PBXBuildFile; fileRef = 2A51FA7728EF0646003D3EA1 /* Assets.xcassets */; };
		2A51FA7B28EF0646003D3EA1 /* Preview Assets.xcassets in Resources */ = {isa = PBXBuildFile; fileRef = 2A51FA7A28EF0646003D3EA1 /* Preview Assets.xcassets */; };
		2AB6D24F28F032D4006C8855 /* GhibliAPI in Frameworks */ = {isa = PBXBuildFile; productRef = 2AB6D24E28F032D4006C8855 /* GhibliAPI */; };
		2AB6D25128F032D4006C8855 /* GhibliHTTPClient in Frameworks */ = {isa = PBXBuildFile; productRef = 2AB6D25028F032D4006C8855 /* GhibliHTTPClient */; };
		2AB6D25328F0540D006C8855 /* GhibliRowFeature in Frameworks */ = {isa = PBXBuildFile; productRef = 2AB6D25228F0540D006C8855 /* GhibliRowFeature */; };
		2AB6D25528F054D8006C8855 /* GhibliListFeature in Frameworks */ = {isa = PBXBuildFile; productRef = 2AB6D25428F054D8006C8855 /* GhibliListFeature */; };
		2AB6D25728F057AE006C8855 /* ViewModel.swift in Sources */ = {isa = PBXBuildFile; fileRef = 2AB6D25628F057AE006C8855 /* ViewModel.swift */; };
		2AC0164C28F06234002CA97C /* GhibliDetailFeature in Frameworks */ = {isa = PBXBuildFile; productRef = 2AC0164B28F06234002CA97C /* GhibliDetailFeature */; };
		2AC0164E28F096AE002CA97C /* ObservingValueView.swift in Sources */ = {isa = PBXBuildFile; fileRef = 2AC0164D28F096AE002CA97C /* ObservingValueView.swift */; };
		2AC0165028F09DA9002CA97C /* NavigationComposer.swift in Sources */ = {isa = PBXBuildFile; fileRef = 2AC0164F28F09DA9002CA97C /* NavigationComposer.swift */; };
		2AC0165328F09FFF002CA97C /* Localizable.strings in Resources */ = {isa = PBXBuildFile; fileRef = 2AC0165528F09FFF002CA97C /* Localizable.strings */; };
		2AC0165E28F0A062002CA97C /* EssentialGhibliTests.swift in Sources */ = {isa = PBXBuildFile; fileRef = 2AC0165D28F0A062002CA97C /* EssentialGhibliTests.swift */; };
		2AC0166528F0A08C002CA97C /* EssentialGhibliLocalizationTests.swift in Sources */ = {isa = PBXBuildFile; fileRef = 2AC0166428F0A08C002CA97C /* EssentialGhibliLocalizationTests.swift */; };
/* End PBXBuildFile section */

/* Begin PBXContainerItemProxy section */
		2AC0165F28F0A062002CA97C /* PBXContainerItemProxy */ = {
			isa = PBXContainerItemProxy;
			containerPortal = 2A51FA6828EF0644003D3EA1 /* Project object */;
			proxyType = 1;
			remoteGlobalIDString = 2A51FA6F28EF0644003D3EA1;
			remoteInfo = EssentialGhibli;
		};
/* End PBXContainerItemProxy section */

/* Begin PBXFileReference section */
		2A51FA7028EF0644003D3EA1 /* EssentialGhibli.app */ = {isa = PBXFileReference; explicitFileType = wrapper.application; includeInIndex = 0; path = EssentialGhibli.app; sourceTree = BUILT_PRODUCTS_DIR; };
		2A51FA7328EF0644003D3EA1 /* EssentialGhibliApp.swift */ = {isa = PBXFileReference; lastKnownFileType = sourcecode.swift; path = EssentialGhibliApp.swift; sourceTree = "<group>"; };
		2A51FA7528EF0644003D3EA1 /* ContentView.swift */ = {isa = PBXFileReference; lastKnownFileType = sourcecode.swift; path = ContentView.swift; sourceTree = "<group>"; };
		2A51FA7728EF0646003D3EA1 /* Assets.xcassets */ = {isa = PBXFileReference; lastKnownFileType = folder.assetcatalog; path = Assets.xcassets; sourceTree = "<group>"; };
		2A51FA7A28EF0646003D3EA1 /* Preview Assets.xcassets */ = {isa = PBXFileReference; lastKnownFileType = folder.assetcatalog; path = "Preview Assets.xcassets"; sourceTree = "<group>"; };
		2A51FA8128EF0698003D3EA1 /* EssentialGhibli */ = {isa = PBXFileReference; lastKnownFileType = wrapper; name = EssentialGhibli; path = ..; sourceTree = "<group>"; };
		2AB6D25628F057AE006C8855 /* ViewModel.swift */ = {isa = PBXFileReference; lastKnownFileType = sourcecode.swift; path = ViewModel.swift; sourceTree = "<group>"; };
		2AC0164D28F096AE002CA97C /* ObservingValueView.swift */ = {isa = PBXFileReference; lastKnownFileType = sourcecode.swift; path = ObservingValueView.swift; sourceTree = "<group>"; };
		2AC0164F28F09DA9002CA97C /* NavigationComposer.swift */ = {isa = PBXFileReference; lastKnownFileType = sourcecode.swift; path = NavigationComposer.swift; sourceTree = "<group>"; };
		2AC0165428F09FFF002CA97C /* en */ = {isa = PBXFileReference; lastKnownFileType = text.plist.strings; name = en; path = en.lproj/Localizable.strings; sourceTree = "<group>"; };
		2AC0165628F0A000002CA97C /* ru */ = {isa = PBXFileReference; lastKnownFileType = text.plist.strings; name = ru; path = ru.lproj/Localizable.strings; sourceTree = "<group>"; };
		2AC0165B28F0A062002CA97C /* EssentialGhibliTests.xctest */ = {isa = PBXFileReference; explicitFileType = wrapper.cfbundle; includeInIndex = 0; path = EssentialGhibliTests.xctest; sourceTree = BUILT_PRODUCTS_DIR; };
		2AC0165D28F0A062002CA97C /* EssentialGhibliTests.swift */ = {isa = PBXFileReference; lastKnownFileType = sourcecode.swift; path = EssentialGhibliTests.swift; sourceTree = "<group>"; };
		2AC0166428F0A08C002CA97C /* EssentialGhibliLocalizationTests.swift */ = {isa = PBXFileReference; lastKnownFileType = sourcecode.swift; path = EssentialGhibliLocalizationTests.swift; sourceTree = "<group>"; };
/* End PBXFileReference section */

/* Begin PBXFrameworksBuildPhase section */
		2A51FA6D28EF0644003D3EA1 /* Frameworks */ = {
			isa = PBXFrameworksBuildPhase;
			buildActionMask = 2147483647;
			files = (
				2AC0164C28F06234002CA97C /* GhibliDetailFeature in Frameworks */,
				2AB6D25528F054D8006C8855 /* GhibliListFeature in Frameworks */,
				2AB6D25128F032D4006C8855 /* GhibliHTTPClient in Frameworks */,
				2AB6D24F28F032D4006C8855 /* GhibliAPI in Frameworks */,
				2AB6D25328F0540D006C8855 /* GhibliRowFeature in Frameworks */,
			);
			runOnlyForDeploymentPostprocessing = 0;
		};
		2AC0165828F0A062002CA97C /* Frameworks */ = {
			isa = PBXFrameworksBuildPhase;
			buildActionMask = 2147483647;
			files = (
			);
			runOnlyForDeploymentPostprocessing = 0;
		};
/* End PBXFrameworksBuildPhase section */

/* Begin PBXGroup section */
		2A51FA6728EF0644003D3EA1 = {
			isa = PBXGroup;
			children = (
				2A51FA7228EF0644003D3EA1 /* EssentialGhibli */,
				2A51FA8128EF0698003D3EA1 /* EssentialGhibli */,
				2AC0165C28F0A062002CA97C /* EssentialGhibliTests */,
				2A51FA7128EF0644003D3EA1 /* Products */,
				2A55D11C28EF8EF300DF8B76 /* Frameworks */,
			);
			sourceTree = "<group>";
		};
		2A51FA7128EF0644003D3EA1 /* Products */ = {
			isa = PBXGroup;
			children = (
				2A51FA7028EF0644003D3EA1 /* EssentialGhibli.app */,
				2AC0165B28F0A062002CA97C /* EssentialGhibliTests.xctest */,
			);
			name = Products;
			sourceTree = "<group>";
		};
		2A51FA7228EF0644003D3EA1 /* EssentialGhibli */ = {
			isa = PBXGroup;
			children = (
				2A51FA7328EF0644003D3EA1 /* EssentialGhibliApp.swift */,
				2A51FA7528EF0644003D3EA1 /* ContentView.swift */,
				2AC0165528F09FFF002CA97C /* Localizable.strings */,
				2AC0164F28F09DA9002CA97C /* NavigationComposer.swift */,
				2AC0164D28F096AE002CA97C /* ObservingValueView.swift */,
				2AB6D25628F057AE006C8855 /* ViewModel.swift */,
				2A51FA7728EF0646003D3EA1 /* Assets.xcassets */,
				2A51FA7928EF0646003D3EA1 /* Preview Content */,
			);
			path = EssentialGhibli;
			sourceTree = "<group>";
		};
		2A51FA7928EF0646003D3EA1 /* Preview Content */ = {
			isa = PBXGroup;
			children = (
				2A51FA7A28EF0646003D3EA1 /* Preview Assets.xcassets */,
			);
			path = "Preview Content";
			sourceTree = "<group>";
		};
		2A55D11C28EF8EF300DF8B76 /* Frameworks */ = {
			isa = PBXGroup;
			children = (
			);
			name = Frameworks;
			sourceTree = "<group>";
		};
		2AC0165C28F0A062002CA97C /* EssentialGhibliTests */ = {
			isa = PBXGroup;
			children = (
				2AC0165D28F0A062002CA97C /* EssentialGhibliTests.swift */,
				2AC0166428F0A08C002CA97C /* EssentialGhibliLocalizationTests.swift */,
			);
			path = EssentialGhibliTests;
			sourceTree = "<group>";
		};
/* End PBXGroup section */

/* Begin PBXNativeTarget section */
		2A51FA6F28EF0644003D3EA1 /* EssentialGhibli */ = {
			isa = PBXNativeTarget;
			buildConfigurationList = 2A51FA7E28EF0646003D3EA1 /* Build configuration list for PBXNativeTarget "EssentialGhibli" */;
			buildPhases = (
				2A51FA6C28EF0644003D3EA1 /* Sources */,
				2A51FA6D28EF0644003D3EA1 /* Frameworks */,
				2A51FA6E28EF0644003D3EA1 /* Resources */,
			);
			buildRules = (
			);
			dependencies = (
			);
			name = EssentialGhibli;
			packageProductDependencies = (
				2AB6D24E28F032D4006C8855 /* GhibliAPI */,
				2AB6D25028F032D4006C8855 /* GhibliHTTPClient */,
				2AB6D25228F0540D006C8855 /* GhibliRowFeature */,
				2AB6D25428F054D8006C8855 /* GhibliListFeature */,
				2AC0164B28F06234002CA97C /* GhibliDetailFeature */,
			);
			productName = EssentialGhibli;
			productReference = 2A51FA7028EF0644003D3EA1 /* EssentialGhibli.app */;
			productType = "com.apple.product-type.application";
		};
		2AC0165A28F0A062002CA97C /* EssentialGhibliTests */ = {
			isa = PBXNativeTarget;
			buildConfigurationList = 2AC0166128F0A062002CA97C /* Build configuration list for PBXNativeTarget "EssentialGhibliTests" */;
			buildPhases = (
				2AC0165728F0A062002CA97C /* Sources */,
				2AC0165828F0A062002CA97C /* Frameworks */,
				2AC0165928F0A062002CA97C /* Resources */,
			);
			buildRules = (
			);
			dependencies = (
				2AC0166028F0A062002CA97C /* PBXTargetDependency */,
			);
			name = EssentialGhibliTests;
			productName = EssentialGhibliTests;
			productReference = 2AC0165B28F0A062002CA97C /* EssentialGhibliTests.xctest */;
			productType = "com.apple.product-type.bundle.unit-test";
		};
/* End PBXNativeTarget section */

/* Begin PBXProject section */
		2A51FA6828EF0644003D3EA1 /* Project object */ = {
			isa = PBXProject;
			attributes = {
				BuildIndependentTargetsInParallel = 1;
				LastSwiftUpdateCheck = 1400;
				LastUpgradeCheck = 1400;
				TargetAttributes = {
					2A51FA6F28EF0644003D3EA1 = {
						CreatedOnToolsVersion = 14.0;
					};
					2AC0165A28F0A062002CA97C = {
						CreatedOnToolsVersion = 14.0.1;
						TestTargetID = 2A51FA6F28EF0644003D3EA1;
					};
				};
			};
			buildConfigurationList = 2A51FA6B28EF0644003D3EA1 /* Build configuration list for PBXProject "EssentialGhibli" */;
			compatibilityVersion = "Xcode 14.0";
			developmentRegion = en;
			hasScannedForEncodings = 0;
			knownRegions = (
				en,
				Base,
				ru,
			);
			mainGroup = 2A51FA6728EF0644003D3EA1;
			productRefGroup = 2A51FA7128EF0644003D3EA1 /* Products */;
			projectDirPath = "";
			projectRoot = "";
			targets = (
				2A51FA6F28EF0644003D3EA1 /* EssentialGhibli */,
				2AC0165A28F0A062002CA97C /* EssentialGhibliTests */,
			);
		};
/* End PBXProject section */

/* Begin PBXResourcesBuildPhase section */
		2A51FA6E28EF0644003D3EA1 /* Resources */ = {
			isa = PBXResourcesBuildPhase;
			buildActionMask = 2147483647;
			files = (
				2A51FA7B28EF0646003D3EA1 /* Preview Assets.xcassets in Resources */,
				2AC0165328F09FFF002CA97C /* Localizable.strings in Resources */,
				2A51FA7828EF0646003D3EA1 /* Assets.xcassets in Resources */,
			);
			runOnlyForDeploymentPostprocessing = 0;
		};
		2AC0165928F0A062002CA97C /* Resources */ = {
			isa = PBXResourcesBuildPhase;
			buildActionMask = 2147483647;
			files = (
			);
			runOnlyForDeploymentPostprocessing = 0;
		};
/* End PBXResourcesBuildPhase section */

/* Begin PBXSourcesBuildPhase section */
		2A51FA6C28EF0644003D3EA1 /* Sources */ = {
			isa = PBXSourcesBuildPhase;
			buildActionMask = 2147483647;
			files = (
				2AC0165028F09DA9002CA97C /* NavigationComposer.swift in Sources */,
				2A51FA7628EF0644003D3EA1 /* ContentView.swift in Sources */,
				2AC0164E28F096AE002CA97C /* ObservingValueView.swift in Sources */,
				2AB6D25728F057AE006C8855 /* ViewModel.swift in Sources */,
				2A51FA7428EF0644003D3EA1 /* EssentialGhibliApp.swift in Sources */,
			);
			runOnlyForDeploymentPostprocessing = 0;
		};
		2AC0165728F0A062002CA97C /* Sources */ = {
			isa = PBXSourcesBuildPhase;
			buildActionMask = 2147483647;
			files = (
				2AC0166528F0A08C002CA97C /* EssentialGhibliLocalizationTests.swift in Sources */,
				2AC0165E28F0A062002CA97C /* EssentialGhibliTests.swift in Sources */,
			);
			runOnlyForDeploymentPostprocessing = 0;
		};
/* End PBXSourcesBuildPhase section */

/* Begin PBXTargetDependency section */
		2AC0166028F0A062002CA97C /* PBXTargetDependency */ = {
			isa = PBXTargetDependency;
			target = 2A51FA6F28EF0644003D3EA1 /* EssentialGhibli */;
			targetProxy = 2AC0165F28F0A062002CA97C /* PBXContainerItemProxy */;
		};
/* End PBXTargetDependency section */

/* Begin PBXVariantGroup section */
		2AC0165528F09FFF002CA97C /* Localizable.strings */ = {
			isa = PBXVariantGroup;
			children = (
				2AC0165428F09FFF002CA97C /* en */,
				2AC0165628F0A000002CA97C /* ru */,
			);
			name = Localizable.strings;
			sourceTree = "<group>";
		};
/* End PBXVariantGroup section */

/* Begin XCBuildConfiguration section */
		2A51FA7C28EF0646003D3EA1 /* Debug */ = {
			isa = XCBuildConfiguration;
			buildSettings = {
				ALWAYS_SEARCH_USER_PATHS = NO;
				CLANG_ANALYZER_LOCALIZABILITY_NONLOCALIZED = YES;
				CLANG_ANALYZER_NONNULL = YES;
				CLANG_ANALYZER_NUMBER_OBJECT_CONVERSION = YES_AGGRESSIVE;
				CLANG_CXX_LANGUAGE_STANDARD = "gnu++20";
				CLANG_ENABLE_MODULES = YES;
				CLANG_ENABLE_OBJC_ARC = YES;
				CLANG_ENABLE_OBJC_WEAK = YES;
				CLANG_WARN_BLOCK_CAPTURE_AUTORELEASING = YES;
				CLANG_WARN_BOOL_CONVERSION = YES;
				CLANG_WARN_COMMA = YES;
				CLANG_WARN_CONSTANT_CONVERSION = YES;
				CLANG_WARN_DEPRECATED_OBJC_IMPLEMENTATIONS = YES;
				CLANG_WARN_DIRECT_OBJC_ISA_USAGE = YES_ERROR;
				CLANG_WARN_DOCUMENTATION_COMMENTS = YES;
				CLANG_WARN_EMPTY_BODY = YES;
				CLANG_WARN_ENUM_CONVERSION = YES;
				CLANG_WARN_INFINITE_RECURSION = YES;
				CLANG_WARN_INT_CONVERSION = YES;
				CLANG_WARN_NON_LITERAL_NULL_CONVERSION = YES;
				CLANG_WARN_OBJC_IMPLICIT_RETAIN_SELF = YES;
				CLANG_WARN_OBJC_LITERAL_CONVERSION = YES;
				CLANG_WARN_OBJC_ROOT_CLASS = YES_ERROR;
				CLANG_WARN_QUOTED_INCLUDE_IN_FRAMEWORK_HEADER = YES;
				CLANG_WARN_RANGE_LOOP_ANALYSIS = YES;
				CLANG_WARN_STRICT_PROTOTYPES = YES;
				CLANG_WARN_SUSPICIOUS_MOVE = YES;
				CLANG_WARN_UNGUARDED_AVAILABILITY = YES_AGGRESSIVE;
				CLANG_WARN_UNREACHABLE_CODE = YES;
				CLANG_WARN__DUPLICATE_METHOD_MATCH = YES;
				COPY_PHASE_STRIP = NO;
				DEBUG_INFORMATION_FORMAT = dwarf;
				ENABLE_STRICT_OBJC_MSGSEND = YES;
				ENABLE_TESTABILITY = YES;
				GCC_C_LANGUAGE_STANDARD = gnu11;
				GCC_DYNAMIC_NO_PIC = NO;
				GCC_NO_COMMON_BLOCKS = YES;
				GCC_OPTIMIZATION_LEVEL = 0;
				GCC_PREPROCESSOR_DEFINITIONS = (
					"DEBUG=1",
					"$(inherited)",
				);
				GCC_WARN_64_TO_32_BIT_CONVERSION = YES;
				GCC_WARN_ABOUT_RETURN_TYPE = YES_ERROR;
				GCC_WARN_UNDECLARED_SELECTOR = YES;
				GCC_WARN_UNINITIALIZED_AUTOS = YES_AGGRESSIVE;
				GCC_WARN_UNUSED_FUNCTION = YES;
				GCC_WARN_UNUSED_VARIABLE = YES;
				IPHONEOS_DEPLOYMENT_TARGET = 16.0;
				MTL_ENABLE_DEBUG_INFO = INCLUDE_SOURCE;
				MTL_FAST_MATH = YES;
				ONLY_ACTIVE_ARCH = YES;
				SDKROOT = iphoneos;
				SWIFT_ACTIVE_COMPILATION_CONDITIONS = DEBUG;
				SWIFT_OPTIMIZATION_LEVEL = "-Onone";
			};
			name = Debug;
		};
		2A51FA7D28EF0646003D3EA1 /* Release */ = {
			isa = XCBuildConfiguration;
			buildSettings = {
				ALWAYS_SEARCH_USER_PATHS = NO;
				CLANG_ANALYZER_LOCALIZABILITY_NONLOCALIZED = YES;
				CLANG_ANALYZER_NONNULL = YES;
				CLANG_ANALYZER_NUMBER_OBJECT_CONVERSION = YES_AGGRESSIVE;
				CLANG_CXX_LANGUAGE_STANDARD = "gnu++20";
				CLANG_ENABLE_MODULES = YES;
				CLANG_ENABLE_OBJC_ARC = YES;
				CLANG_ENABLE_OBJC_WEAK = YES;
				CLANG_WARN_BLOCK_CAPTURE_AUTORELEASING = YES;
				CLANG_WARN_BOOL_CONVERSION = YES;
				CLANG_WARN_COMMA = YES;
				CLANG_WARN_CONSTANT_CONVERSION = YES;
				CLANG_WARN_DEPRECATED_OBJC_IMPLEMENTATIONS = YES;
				CLANG_WARN_DIRECT_OBJC_ISA_USAGE = YES_ERROR;
				CLANG_WARN_DOCUMENTATION_COMMENTS = YES;
				CLANG_WARN_EMPTY_BODY = YES;
				CLANG_WARN_ENUM_CONVERSION = YES;
				CLANG_WARN_INFINITE_RECURSION = YES;
				CLANG_WARN_INT_CONVERSION = YES;
				CLANG_WARN_NON_LITERAL_NULL_CONVERSION = YES;
				CLANG_WARN_OBJC_IMPLICIT_RETAIN_SELF = YES;
				CLANG_WARN_OBJC_LITERAL_CONVERSION = YES;
				CLANG_WARN_OBJC_ROOT_CLASS = YES_ERROR;
				CLANG_WARN_QUOTED_INCLUDE_IN_FRAMEWORK_HEADER = YES;
				CLANG_WARN_RANGE_LOOP_ANALYSIS = YES;
				CLANG_WARN_STRICT_PROTOTYPES = YES;
				CLANG_WARN_SUSPICIOUS_MOVE = YES;
				CLANG_WARN_UNGUARDED_AVAILABILITY = YES_AGGRESSIVE;
				CLANG_WARN_UNREACHABLE_CODE = YES;
				CLANG_WARN__DUPLICATE_METHOD_MATCH = YES;
				COPY_PHASE_STRIP = NO;
				DEBUG_INFORMATION_FORMAT = "dwarf-with-dsym";
				ENABLE_NS_ASSERTIONS = NO;
				ENABLE_STRICT_OBJC_MSGSEND = YES;
				GCC_C_LANGUAGE_STANDARD = gnu11;
				GCC_NO_COMMON_BLOCKS = YES;
				GCC_WARN_64_TO_32_BIT_CONVERSION = YES;
				GCC_WARN_ABOUT_RETURN_TYPE = YES_ERROR;
				GCC_WARN_UNDECLARED_SELECTOR = YES;
				GCC_WARN_UNINITIALIZED_AUTOS = YES_AGGRESSIVE;
				GCC_WARN_UNUSED_FUNCTION = YES;
				GCC_WARN_UNUSED_VARIABLE = YES;
				IPHONEOS_DEPLOYMENT_TARGET = 16.0;
				MTL_ENABLE_DEBUG_INFO = NO;
				MTL_FAST_MATH = YES;
				SDKROOT = iphoneos;
				SWIFT_COMPILATION_MODE = wholemodule;
				SWIFT_OPTIMIZATION_LEVEL = "-O";
				VALIDATE_PRODUCT = YES;
			};
			name = Release;
		};
		2A51FA7F28EF0646003D3EA1 /* Debug */ = {
			isa = XCBuildConfiguration;
			buildSettings = {
				ASSETCATALOG_COMPILER_APPICON_NAME = AppIcon;
				ASSETCATALOG_COMPILER_GLOBAL_ACCENT_COLOR_NAME = AccentColor;
				CODE_SIGN_STYLE = Automatic;
				CURRENT_PROJECT_VERSION = 1;
				DEVELOPMENT_ASSET_PATHS = "\"EssentialGhibli/Preview Content\"";
				DEVELOPMENT_TEAM = VRVJ9YNRQU;
				ENABLE_PREVIEWS = YES;
				GENERATE_INFOPLIST_FILE = YES;
				INFOPLIST_KEY_UIApplicationSceneManifest_Generation = YES;
				INFOPLIST_KEY_UIApplicationSupportsIndirectInputEvents = YES;
				INFOPLIST_KEY_UILaunchScreen_Generation = YES;
				INFOPLIST_KEY_UISupportedInterfaceOrientations_iPad = "UIInterfaceOrientationPortrait UIInterfaceOrientationPortraitUpsideDown UIInterfaceOrientationLandscapeLeft UIInterfaceOrientationLandscapeRight";
				INFOPLIST_KEY_UISupportedInterfaceOrientations_iPhone = "UIInterfaceOrientationPortrait UIInterfaceOrientationLandscapeLeft UIInterfaceOrientationLandscapeRight";
				LD_RUNPATH_SEARCH_PATHS = (
					"$(inherited)",
					"@executable_path/Frameworks",
				);
				MARKETING_VERSION = 1.0;
				PRODUCT_BUNDLE_IDENTIFIER = com.photoigor.EssentialGhibli;
				PRODUCT_NAME = "$(TARGET_NAME)";
				SWIFT_EMIT_LOC_STRINGS = YES;
				SWIFT_VERSION = 5.0;
				TARGETED_DEVICE_FAMILY = "1,2";
			};
			name = Debug;
		};
		2A51FA8028EF0646003D3EA1 /* Release */ = {
			isa = XCBuildConfiguration;
			buildSettings = {
				ASSETCATALOG_COMPILER_APPICON_NAME = AppIcon;
				ASSETCATALOG_COMPILER_GLOBAL_ACCENT_COLOR_NAME = AccentColor;
				CODE_SIGN_STYLE = Automatic;
				CURRENT_PROJECT_VERSION = 1;
				DEVELOPMENT_ASSET_PATHS = "\"EssentialGhibli/Preview Content\"";
				DEVELOPMENT_TEAM = VRVJ9YNRQU;
				ENABLE_PREVIEWS = YES;
				GENERATE_INFOPLIST_FILE = YES;
				INFOPLIST_KEY_UIApplicationSceneManifest_Generation = YES;
				INFOPLIST_KEY_UIApplicationSupportsIndirectInputEvents = YES;
				INFOPLIST_KEY_UILaunchScreen_Generation = YES;
				INFOPLIST_KEY_UISupportedInterfaceOrientations_iPad = "UIInterfaceOrientationPortrait UIInterfaceOrientationPortraitUpsideDown UIInterfaceOrientationLandscapeLeft UIInterfaceOrientationLandscapeRight";
				INFOPLIST_KEY_UISupportedInterfaceOrientations_iPhone = "UIInterfaceOrientationPortrait UIInterfaceOrientationLandscapeLeft UIInterfaceOrientationLandscapeRight";
				LD_RUNPATH_SEARCH_PATHS = (
					"$(inherited)",
					"@executable_path/Frameworks",
				);
				MARKETING_VERSION = 1.0;
				PRODUCT_BUNDLE_IDENTIFIER = com.photoigor.EssentialGhibli;
				PRODUCT_NAME = "$(TARGET_NAME)";
				SWIFT_EMIT_LOC_STRINGS = YES;
				SWIFT_VERSION = 5.0;
				TARGETED_DEVICE_FAMILY = "1,2";
			};
			name = Release;
		};
		2AC0166228F0A062002CA97C /* Debug */ = {
			isa = XCBuildConfiguration;
			buildSettings = {
				BUNDLE_LOADER = "$(TEST_HOST)";
				CODE_SIGN_STYLE = Automatic;
				CURRENT_PROJECT_VERSION = 1;
				DEVELOPMENT_TEAM = VRVJ9YNRQU;
				GENERATE_INFOPLIST_FILE = YES;
				MARKETING_VERSION = 1.0;
				PRODUCT_BUNDLE_IDENTIFIER = com.photoigor.EssentialGhibliTests;
				PRODUCT_NAME = "$(TARGET_NAME)";
				SWIFT_EMIT_LOC_STRINGS = NO;
				SWIFT_VERSION = 5.0;
				TARGETED_DEVICE_FAMILY = "1,2";
				TEST_HOST = "$(BUILT_PRODUCTS_DIR)/EssentialGhibli.app/$(BUNDLE_EXECUTABLE_FOLDER_PATH)/EssentialGhibli";
			};
			name = Debug;
		};
		2AC0166328F0A062002CA97C /* Release */ = {
			isa = XCBuildConfiguration;
			buildSettings = {
				BUNDLE_LOADER = "$(TEST_HOST)";
				CODE_SIGN_STYLE = Automatic;
				CURRENT_PROJECT_VERSION = 1;
				DEVELOPMENT_TEAM = VRVJ9YNRQU;
				GENERATE_INFOPLIST_FILE = YES;
				MARKETING_VERSION = 1.0;
				PRODUCT_BUNDLE_IDENTIFIER = com.photoigor.EssentialGhibliTests;
				PRODUCT_NAME = "$(TARGET_NAME)";
				SWIFT_EMIT_LOC_STRINGS = NO;
				SWIFT_VERSION = 5.0;
				TARGETED_DEVICE_FAMILY = "1,2";
				TEST_HOST = "$(BUILT_PRODUCTS_DIR)/EssentialGhibli.app/$(BUNDLE_EXECUTABLE_FOLDER_PATH)/EssentialGhibli";
			};
			name = Release;
		};
/* End XCBuildConfiguration section */

/* Begin XCConfigurationList section */
		2A51FA6B28EF0644003D3EA1 /* Build configuration list for PBXProject "EssentialGhibli" */ = {
			isa = XCConfigurationList;
			buildConfigurations = (
				2A51FA7C28EF0646003D3EA1 /* Debug */,
				2A51FA7D28EF0646003D3EA1 /* Release */,
			);
			defaultConfigurationIsVisible = 0;
			defaultConfigurationName = Release;
		};
		2A51FA7E28EF0646003D3EA1 /* Build configuration list for PBXNativeTarget "EssentialGhibli" */ = {
			isa = XCConfigurationList;
			buildConfigurations = (
				2A51FA7F28EF0646003D3EA1 /* Debug */,
				2A51FA8028EF0646003D3EA1 /* Release */,
			);
			defaultConfigurationIsVisible = 0;
			defaultConfigurationName = Release;
		};
		2AC0166128F0A062002CA97C /* Build configuration list for PBXNativeTarget "EssentialGhibliTests" */ = {
			isa = XCConfigurationList;
			buildConfigurations = (
				2AC0166228F0A062002CA97C /* Debug */,
				2AC0166328F0A062002CA97C /* Release */,
			);
			defaultConfigurationIsVisible = 0;
			defaultConfigurationName = Release;
		};
/* End XCConfigurationList section */

/* Begin XCSwiftPackageProductDependency section */
		2AB6D24E28F032D4006C8855 /* GhibliAPI */ = {
			isa = XCSwiftPackageProductDependency;
			productName = GhibliAPI;
		};
		2AB6D25028F032D4006C8855 /* GhibliHTTPClient */ = {
			isa = XCSwiftPackageProductDependency;
			productName = GhibliHTTPClient;
		};
		2AB6D25228F0540D006C8855 /* GhibliRowFeature */ = {
			isa = XCSwiftPackageProductDependency;
			productName = GhibliRowFeature;
		};
		2AB6D25428F054D8006C8855 /* GhibliListFeature */ = {
			isa = XCSwiftPackageProductDependency;
			productName = GhibliListFeature;
		};
		2AC0164B28F06234002CA97C /* GhibliDetailFeature */ = {
			isa = XCSwiftPackageProductDependency;
			productName = GhibliDetailFeature;
		};
/* End XCSwiftPackageProductDependency section */
	};
	rootObject = 2A51FA6828EF0644003D3EA1 /* Project object */;
}
