// !$*UTF8*$!
{
	archiveVersion = 1;
	classes = {
	};
	objectVersion = 56;
	objects = {

/* Begin PBXBuildFile section */
		2A0AD06B28F8E976001488C6 /* HTTPURLResponse+is200.swift in Sources */ = {isa = PBXBuildFile; fileRef = 2A0AD06A28F8E976001488C6 /* HTTPURLResponse+is200.swift */; };
		2A0AD06D28F8E989001488C6 /* ListFilmMapper.swift in Sources */ = {isa = PBXBuildFile; fileRef = 2A0AD06C28F8E989001488C6 /* ListFilmMapper.swift */; };
		2A0AD06F28F8E99C001488C6 /* DetailFilmMapper.swift in Sources */ = {isa = PBXBuildFile; fileRef = 2A0AD06E28F8E99C001488C6 /* DetailFilmMapper.swift */; };
		2A0AD07228F8E9EF001488C6 /* FilmRowViewAdapter.swift in Sources */ = {isa = PBXBuildFile; fileRef = 2A0AD07128F8E9EF001488C6 /* FilmRowViewAdapter.swift */; };
		2A0AD07428F8EA0A001488C6 /* FilmDetailViewAdapter.swift in Sources */ = {isa = PBXBuildFile; fileRef = 2A0AD07328F8EA0A001488C6 /* FilmDetailViewAdapter.swift */; };
		2A0AD07928F8EAB0001488C6 /* ProgressLoadingView.swift in Sources */ = {isa = PBXBuildFile; fileRef = 2A0AD07828F8EAB0001488C6 /* ProgressLoadingView.swift */; };
		2A0AD07B28F8EAC5001488C6 /* ErrorView.swift in Sources */ = {isa = PBXBuildFile; fileRef = 2A0AD07A28F8EAC5001488C6 /* ErrorView.swift */; };
		2A0AD07D28F8EB1B001488C6 /* DetailNavigationComposer.swift in Sources */ = {isa = PBXBuildFile; fileRef = 2A0AD07C28F8EB1B001488C6 /* DetailNavigationComposer.swift */; };
		2A28385328F6BFF10013A761 /* API in Frameworks */ = {isa = PBXBuildFile; productRef = 2A28385228F6BFF10013A761 /* API */; };
		2A28385528F6BFF10013A761 /* Cache in Frameworks */ = {isa = PBXBuildFile; productRef = 2A28385428F6BFF10013A761 /* Cache */; };
		2A28385728F6BFF10013A761 /* CacheInfra in Frameworks */ = {isa = PBXBuildFile; productRef = 2A28385628F6BFF10013A761 /* CacheInfra */; };
		2A28385928F6BFF10013A761 /* DetailFeature in Frameworks */ = {isa = PBXBuildFile; productRef = 2A28385828F6BFF10013A761 /* DetailFeature */; };
		2A28385B28F6BFF10013A761 /* Domain in Frameworks */ = {isa = PBXBuildFile; productRef = 2A28385A28F6BFF10013A761 /* Domain */; };
		2A28385D28F6BFF10013A761 /* GenericResourceView in Frameworks */ = {isa = PBXBuildFile; productRef = 2A28385C28F6BFF10013A761 /* GenericResourceView */; };
		2A28385F28F6BFF20013A761 /* ListFeature in Frameworks */ = {isa = PBXBuildFile; productRef = 2A28385E28F6BFF10013A761 /* ListFeature */; };
		2A28386128F6BFF20013A761 /* Presentation in Frameworks */ = {isa = PBXBuildFile; productRef = 2A28386028F6BFF20013A761 /* Presentation */; };
		2A28386328F6BFF20013A761 /* RowFeature in Frameworks */ = {isa = PBXBuildFile; productRef = 2A28386228F6BFF20013A761 /* RowFeature */; };
		2A28386528F6BFF20013A761 /* SharedAPI in Frameworks */ = {isa = PBXBuildFile; productRef = 2A28386428F6BFF20013A761 /* SharedAPI */; };
		2A28386728F6BFF20013A761 /* SharedAPIInfra in Frameworks */ = {isa = PBXBuildFile; productRef = 2A28386628F6BFF20013A761 /* SharedAPIInfra */; };
		2A2E934828F9519100BA48BB /* ListState.swift in Sources */ = {isa = PBXBuildFile; fileRef = 2A2E934728F9519100BA48BB /* ListState.swift */; };
		2A2E934A28F9586600BA48BB /* FilmListViewAdapter.swift in Sources */ = {isa = PBXBuildFile; fileRef = 2A2E934928F9586600BA48BB /* FilmListViewAdapter.swift */; };
		2A2E934C28F9608800BA48BB /* UIComposer.swift in Sources */ = {isa = PBXBuildFile; fileRef = 2A2E934B28F9608800BA48BB /* UIComposer.swift */; };
		2A2E934E28F960B600BA48BB /* LoaderFactory.swift in Sources */ = {isa = PBXBuildFile; fileRef = 2A2E934D28F960B600BA48BB /* LoaderFactory.swift */; };
		2A2E935028F96F0100BA48BB /* FilmRowViewAdapterSnapshotTests.swift in Sources */ = {isa = PBXBuildFile; fileRef = 2A2E934F28F96F0100BA48BB /* FilmRowViewAdapterSnapshotTests.swift */; };
		2A2E935228F96F6D00BA48BB /* TestHelpers.swift in Sources */ = {isa = PBXBuildFile; fileRef = 2A2E935128F96F6D00BA48BB /* TestHelpers.swift */; };
		2A2E935428F975BA00BA48BB /* FilmListViewAdapterSnapshotTests.swift in Sources */ = {isa = PBXBuildFile; fileRef = 2A2E935328F975BA00BA48BB /* FilmListViewAdapterSnapshotTests.swift */; };
		2A2E935628F97AB100BA48BB /* FilmDetailViewAdapterSnapshotTests.swift in Sources */ = {isa = PBXBuildFile; fileRef = 2A2E935528F97AB100BA48BB /* FilmDetailViewAdapterSnapshotTests.swift */; };
		2A2E935A28F9829900BA48BB /* DetailFilmMapperTests.swift in Sources */ = {isa = PBXBuildFile; fileRef = 2A2E935928F9829900BA48BB /* DetailFilmMapperTests.swift */; };
		2A2E935C28F987DF00BA48BB /* ImageMapperTests.swift in Sources */ = {isa = PBXBuildFile; fileRef = 2A2E935B28F987DF00BA48BB /* ImageMapperTests.swift */; };
		2A2E935E28F98CAC00BA48BB /* ListFilmMapperTests.swift in Sources */ = {isa = PBXBuildFile; fileRef = 2A2E935D28F98CAC00BA48BB /* ListFilmMapperTests.swift */; };
		2A2E936028F99A3300BA48BB /* Loaders.swift in Sources */ = {isa = PBXBuildFile; fileRef = 2A2E935F28F99A3300BA48BB /* Loaders.swift */; };
		2A2E936228F99C5500BA48BB /* Helpers.swift in Sources */ = {isa = PBXBuildFile; fileRef = 2A2E936128F99C5500BA48BB /* Helpers.swift */; };
		2A51FA7428EF0644003D3EA1 /* EssentialGhibliApp.swift in Sources */ = {isa = PBXBuildFile; fileRef = 2A51FA7328EF0644003D3EA1 /* EssentialGhibliApp.swift */; };
		2A51FA7628EF0644003D3EA1 /* ContentView.swift in Sources */ = {isa = PBXBuildFile; fileRef = 2A51FA7528EF0644003D3EA1 /* ContentView.swift */; };
		2A51FA7828EF0646003D3EA1 /* Assets.xcassets in Resources */ = {isa = PBXBuildFile; fileRef = 2A51FA7728EF0646003D3EA1 /* Assets.xcassets */; };
		2A51FA7B28EF0646003D3EA1 /* Preview Assets.xcassets in Resources */ = {isa = PBXBuildFile; fileRef = 2A51FA7A28EF0646003D3EA1 /* Preview Assets.xcassets */; };
		2A62DCC228F44A3F00AF5560 /* composeLocalFeedLoader.swift in Sources */ = {isa = PBXBuildFile; fileRef = 2A62DCC128F44A3F00AF5560 /* composeLocalFeedLoader.swift */; };
		2A8FA65C28F9D03A00D0BE9C /* LoaderComposerTests.swift in Sources */ = {isa = PBXBuildFile; fileRef = 2A8FA65B28F9D03A00D0BE9C /* LoaderComposerTests.swift */; };
		2A8FA65E28F9DFB600D0BE9C /* MappingError.swift in Sources */ = {isa = PBXBuildFile; fileRef = 2A8FA65D28F9DFB600D0BE9C /* MappingError.swift */; };
		2AA1E73F28F8674600EC410C /* ImageMapper.swift in Sources */ = {isa = PBXBuildFile; fileRef = 2AA1E73E28F8674600EC410C /* ImageMapper.swift */; };
		2AA1E74128F881D700EC410C /* LoadingImageViewSnapshotTests.swift in Sources */ = {isa = PBXBuildFile; fileRef = 2AA1E74028F881D700EC410C /* LoadingImageViewSnapshotTests.swift */; };
		2AA1E74428F882D100EC410C /* XCTest+assert.swift in Sources */ = {isa = PBXBuildFile; fileRef = 2AA1E74328F882D100EC410C /* XCTest+assert.swift */; };
		2AA1E74728F8832700EC410C /* SnapshotTesting in Frameworks */ = {isa = PBXBuildFile; productRef = 2AA1E74628F8832700EC410C /* SnapshotTesting */; };
		2AA1E77C28F889B200EC410C /* XCTestCase+MemoryLeakTracking.swift in Sources */ = {isa = PBXBuildFile; fileRef = 2AA1E77A28F8898A00EC410C /* XCTestCase+MemoryLeakTracking.swift */; };
		2AB6D25728F057AE006C8855 /* ViewModel.swift in Sources */ = {isa = PBXBuildFile; fileRef = 2AB6D25628F057AE006C8855 /* ViewModel.swift */; };
		2AC0165328F09FFF002CA97C /* Localizable.strings in Resources */ = {isa = PBXBuildFile; fileRef = 2AC0165528F09FFF002CA97C /* Localizable.strings */; };
		2AC0165E28F0A062002CA97C /* EssentialGhibliTests.swift in Sources */ = {isa = PBXBuildFile; fileRef = 2AC0165D28F0A062002CA97C /* EssentialGhibliTests.swift */; };
		2AC0166528F0A08C002CA97C /* EssentialGhibliLocalizationTests.swift in Sources */ = {isa = PBXBuildFile; fileRef = 2AC0166428F0A08C002CA97C /* EssentialGhibliLocalizationTests.swift */; };
		2AD17F9528F829FE0047B31A /* LoadingImageView.swift in Sources */ = {isa = PBXBuildFile; fileRef = 2AD17F9428F829FE0047B31A /* LoadingImageView.swift */; };
		2AD17F9728F82F8B0047B31A /* ImageErrorView.swift in Sources */ = {isa = PBXBuildFile; fileRef = 2AD17F9628F82F8B0047B31A /* ImageErrorView.swift */; };
/* End PBXBuildFile section */

/* Begin PBXContainerItemProxy section */
		2AC0165F28F0A062002CA97C /* PBXContainerItemProxy */ = {
			isa = PBXContainerItemProxy;
			containerPortal = 2A51FA6828EF0644003D3EA1 /* Project object */;
			proxyType = 1;
			remoteGlobalIDString = 2A51FA6F28EF0644003D3EA1;
			remoteInfo = EssentialGhibli;
		};
/* End PBXContainerItemProxy section */

/* Begin PBXFileReference section */
		2A0AD06A28F8E976001488C6 /* HTTPURLResponse+is200.swift */ = {isa = PBXFileReference; lastKnownFileType = sourcecode.swift; path = "HTTPURLResponse+is200.swift"; sourceTree = "<group>"; };
		2A0AD06C28F8E989001488C6 /* ListFilmMapper.swift */ = {isa = PBXFileReference; lastKnownFileType = sourcecode.swift; path = ListFilmMapper.swift; sourceTree = "<group>"; };
		2A0AD06E28F8E99C001488C6 /* DetailFilmMapper.swift */ = {isa = PBXFileReference; lastKnownFileType = sourcecode.swift; path = DetailFilmMapper.swift; sourceTree = "<group>"; };
		2A0AD07128F8E9EF001488C6 /* FilmRowViewAdapter.swift */ = {isa = PBXFileReference; lastKnownFileType = sourcecode.swift; path = FilmRowViewAdapter.swift; sourceTree = "<group>"; };
		2A0AD07328F8EA0A001488C6 /* FilmDetailViewAdapter.swift */ = {isa = PBXFileReference; lastKnownFileType = sourcecode.swift; path = FilmDetailViewAdapter.swift; sourceTree = "<group>"; };
		2A0AD07828F8EAB0001488C6 /* ProgressLoadingView.swift */ = {isa = PBXFileReference; lastKnownFileType = sourcecode.swift; path = ProgressLoadingView.swift; sourceTree = "<group>"; };
		2A0AD07A28F8EAC5001488C6 /* ErrorView.swift */ = {isa = PBXFileReference; lastKnownFileType = sourcecode.swift; path = ErrorView.swift; sourceTree = "<group>"; };
		2A0AD07C28F8EB1B001488C6 /* DetailNavigationComposer.swift */ = {isa = PBXFileReference; lastKnownFileType = sourcecode.swift; path = DetailNavigationComposer.swift; sourceTree = "<group>"; };
		2A2D70DA28F2BED400E0802F /* PrivateNotes.md */ = {isa = PBXFileReference; lastKnownFileType = net.daringfireball.markdown; name = PrivateNotes.md; path = ../Extras/PrivateNotes.md; sourceTree = "<group>"; };
		2A2E934728F9519100BA48BB /* ListState.swift */ = {isa = PBXFileReference; lastKnownFileType = sourcecode.swift; path = ListState.swift; sourceTree = "<group>"; };
		2A2E934928F9586600BA48BB /* FilmListViewAdapter.swift */ = {isa = PBXFileReference; lastKnownFileType = sourcecode.swift; path = FilmListViewAdapter.swift; sourceTree = "<group>"; };
		2A2E934B28F9608800BA48BB /* UIComposer.swift */ = {isa = PBXFileReference; lastKnownFileType = sourcecode.swift; path = UIComposer.swift; sourceTree = "<group>"; };
		2A2E934D28F960B600BA48BB /* LoaderFactory.swift */ = {isa = PBXFileReference; lastKnownFileType = sourcecode.swift; path = LoaderFactory.swift; sourceTree = "<group>"; };
		2A2E934F28F96F0100BA48BB /* FilmRowViewAdapterSnapshotTests.swift */ = {isa = PBXFileReference; lastKnownFileType = sourcecode.swift; path = FilmRowViewAdapterSnapshotTests.swift; sourceTree = "<group>"; };
		2A2E935128F96F6D00BA48BB /* TestHelpers.swift */ = {isa = PBXFileReference; lastKnownFileType = sourcecode.swift; path = TestHelpers.swift; sourceTree = "<group>"; };
		2A2E935328F975BA00BA48BB /* FilmListViewAdapterSnapshotTests.swift */ = {isa = PBXFileReference; lastKnownFileType = sourcecode.swift; path = FilmListViewAdapterSnapshotTests.swift; sourceTree = "<group>"; };
		2A2E935528F97AB100BA48BB /* FilmDetailViewAdapterSnapshotTests.swift */ = {isa = PBXFileReference; lastKnownFileType = sourcecode.swift; path = FilmDetailViewAdapterSnapshotTests.swift; sourceTree = "<group>"; };
		2A2E935928F9829900BA48BB /* DetailFilmMapperTests.swift */ = {isa = PBXFileReference; lastKnownFileType = sourcecode.swift; path = DetailFilmMapperTests.swift; sourceTree = "<group>"; };
		2A2E935B28F987DF00BA48BB /* ImageMapperTests.swift */ = {isa = PBXFileReference; lastKnownFileType = sourcecode.swift; path = ImageMapperTests.swift; sourceTree = "<group>"; };
		2A2E935D28F98CAC00BA48BB /* ListFilmMapperTests.swift */ = {isa = PBXFileReference; lastKnownFileType = sourcecode.swift; path = ListFilmMapperTests.swift; sourceTree = "<group>"; };
		2A2E935F28F99A3300BA48BB /* Loaders.swift */ = {isa = PBXFileReference; lastKnownFileType = sourcecode.swift; path = Loaders.swift; sourceTree = "<group>"; };
		2A2E936128F99C5500BA48BB /* Helpers.swift */ = {isa = PBXFileReference; lastKnownFileType = sourcecode.swift; path = Helpers.swift; sourceTree = "<group>"; };
		2A51FA7028EF0644003D3EA1 /* EssentialGhibli.app */ = {isa = PBXFileReference; explicitFileType = wrapper.application; includeInIndex = 0; path = EssentialGhibli.app; sourceTree = BUILT_PRODUCTS_DIR; };
		2A51FA7328EF0644003D3EA1 /* EssentialGhibliApp.swift */ = {isa = PBXFileReference; lastKnownFileType = sourcecode.swift; path = EssentialGhibliApp.swift; sourceTree = "<group>"; };
		2A51FA7528EF0644003D3EA1 /* ContentView.swift */ = {isa = PBXFileReference; lastKnownFileType = sourcecode.swift; path = ContentView.swift; sourceTree = "<group>"; };
		2A51FA7728EF0646003D3EA1 /* Assets.xcassets */ = {isa = PBXFileReference; lastKnownFileType = folder.assetcatalog; path = Assets.xcassets; sourceTree = "<group>"; };
		2A51FA7A28EF0646003D3EA1 /* Preview Assets.xcassets */ = {isa = PBXFileReference; lastKnownFileType = folder.assetcatalog; path = "Preview Assets.xcassets"; sourceTree = "<group>"; };
		2A51FA8128EF0698003D3EA1 /* EssentialGhibli */ = {isa = PBXFileReference; lastKnownFileType = wrapper; name = EssentialGhibli; path = ..; sourceTree = "<group>"; };
		2A62DCC128F44A3F00AF5560 /* composeLocalFeedLoader.swift */ = {isa = PBXFileReference; lastKnownFileType = sourcecode.swift; path = composeLocalFeedLoader.swift; sourceTree = "<group>"; };
		2A8FA65B28F9D03A00D0BE9C /* LoaderComposerTests.swift */ = {isa = PBXFileReference; lastKnownFileType = sourcecode.swift; path = LoaderComposerTests.swift; sourceTree = "<group>"; };
		2A8FA65D28F9DFB600D0BE9C /* MappingError.swift */ = {isa = PBXFileReference; lastKnownFileType = sourcecode.swift; path = MappingError.swift; sourceTree = "<group>"; };
		2AA1E73E28F8674600EC410C /* ImageMapper.swift */ = {isa = PBXFileReference; lastKnownFileType = sourcecode.swift; path = ImageMapper.swift; sourceTree = "<group>"; };
		2AA1E74028F881D700EC410C /* LoadingImageViewSnapshotTests.swift */ = {isa = PBXFileReference; lastKnownFileType = sourcecode.swift; path = LoadingImageViewSnapshotTests.swift; sourceTree = "<group>"; };
		2AA1E74328F882D100EC410C /* XCTest+assert.swift */ = {isa = PBXFileReference; fileEncoding = 4; lastKnownFileType = sourcecode.swift; path = "XCTest+assert.swift"; sourceTree = "<group>"; };
		2AA1E77A28F8898A00EC410C /* XCTestCase+MemoryLeakTracking.swift */ = {isa = PBXFileReference; fileEncoding = 4; lastKnownFileType = sourcecode.swift; name = "XCTestCase+MemoryLeakTracking.swift"; path = "../../../Tests/GenericResourceViewTests/Helpers/XCTestCase+MemoryLeakTracking.swift"; sourceTree = "<group>"; };
		2AB6D25628F057AE006C8855 /* ViewModel.swift */ = {isa = PBXFileReference; lastKnownFileType = sourcecode.swift; path = ViewModel.swift; sourceTree = "<group>"; };
		2AC0165428F09FFF002CA97C /* en */ = {isa = PBXFileReference; lastKnownFileType = text.plist.strings; name = en; path = en.lproj/Localizable.strings; sourceTree = "<group>"; };
		2AC0165628F0A000002CA97C /* ru */ = {isa = PBXFileReference; lastKnownFileType = text.plist.strings; name = ru; path = ru.lproj/Localizable.strings; sourceTree = "<group>"; };
		2AC0165B28F0A062002CA97C /* EssentialGhibliTests.xctest */ = {isa = PBXFileReference; explicitFileType = wrapper.cfbundle; includeInIndex = 0; path = EssentialGhibliTests.xctest; sourceTree = BUILT_PRODUCTS_DIR; };
		2AC0165D28F0A062002CA97C /* EssentialGhibliTests.swift */ = {isa = PBXFileReference; lastKnownFileType = sourcecode.swift; path = EssentialGhibliTests.swift; sourceTree = "<group>"; };
		2AC0166428F0A08C002CA97C /* EssentialGhibliLocalizationTests.swift */ = {isa = PBXFileReference; lastKnownFileType = sourcecode.swift; path = EssentialGhibliLocalizationTests.swift; sourceTree = "<group>"; };
		2AD17F9428F829FE0047B31A /* LoadingImageView.swift */ = {isa = PBXFileReference; lastKnownFileType = sourcecode.swift; path = LoadingImageView.swift; sourceTree = "<group>"; };
		2AD17F9628F82F8B0047B31A /* ImageErrorView.swift */ = {isa = PBXFileReference; lastKnownFileType = sourcecode.swift; path = ImageErrorView.swift; sourceTree = "<group>"; };
/* End PBXFileReference section */

/* Begin PBXFrameworksBuildPhase section */
		2A51FA6D28EF0644003D3EA1 /* Frameworks */ = {
			isa = PBXFrameworksBuildPhase;
			buildActionMask = 2147483647;
			files = (
				2A28386128F6BFF20013A761 /* Presentation in Frameworks */,
				2A28385B28F6BFF10013A761 /* Domain in Frameworks */,
				2A28385F28F6BFF20013A761 /* ListFeature in Frameworks */,
				2A28386728F6BFF20013A761 /* SharedAPIInfra in Frameworks */,
				2A28385928F6BFF10013A761 /* DetailFeature in Frameworks */,
				2A28385328F6BFF10013A761 /* API in Frameworks */,
				2A28385D28F6BFF10013A761 /* GenericResourceView in Frameworks */,
				2A28386528F6BFF20013A761 /* SharedAPI in Frameworks */,
				2A28385728F6BFF10013A761 /* CacheInfra in Frameworks */,
				2A28385528F6BFF10013A761 /* Cache in Frameworks */,
				2A28386328F6BFF20013A761 /* RowFeature in Frameworks */,
			);
			runOnlyForDeploymentPostprocessing = 0;
		};
		2AC0165828F0A062002CA97C /* Frameworks */ = {
			isa = PBXFrameworksBuildPhase;
			buildActionMask = 2147483647;
			files = (
				2AA1E74728F8832700EC410C /* SnapshotTesting in Frameworks */,
			);
			runOnlyForDeploymentPostprocessing = 0;
		};
/* End PBXFrameworksBuildPhase section */

/* Begin PBXGroup section */
		2A0AD06928F8E95C001488C6 /* Mappers */ = {
			isa = PBXGroup;
			children = (
				2A0AD06E28F8E99C001488C6 /* DetailFilmMapper.swift */,
				2AA1E73E28F8674600EC410C /* ImageMapper.swift */,
				2A8FA65D28F9DFB600D0BE9C /* MappingError.swift */,
				2A0AD06C28F8E989001488C6 /* ListFilmMapper.swift */,
				2A0AD06A28F8E976001488C6 /* HTTPURLResponse+is200.swift */,
			);
			path = Mappers;
			sourceTree = "<group>";
		};
		2A0AD07028F8E9DD001488C6 /* Adapters */ = {
			isa = PBXGroup;
			children = (
				2A2E934928F9586600BA48BB /* FilmListViewAdapter.swift */,
				2A0AD07128F8E9EF001488C6 /* FilmRowViewAdapter.swift */,
				2A0AD07328F8EA0A001488C6 /* FilmDetailViewAdapter.swift */,
			);
			path = Adapters;
			sourceTree = "<group>";
		};
		2A0AD07528F8EA89001488C6 /* Helpers */ = {
			isa = PBXGroup;
			children = (
				2A0AD07A28F8EAC5001488C6 /* ErrorView.swift */,
				2A0AD07828F8EAB0001488C6 /* ProgressLoadingView.swift */,
			);
			path = Helpers;
			sourceTree = "<group>";
		};
		2A2E935728F9824700BA48BB /* Adapters */ = {
			isa = PBXGroup;
			children = (
				2A2E934F28F96F0100BA48BB /* FilmRowViewAdapterSnapshotTests.swift */,
				2A2E935328F975BA00BA48BB /* FilmListViewAdapterSnapshotTests.swift */,
				2A2E935528F97AB100BA48BB /* FilmDetailViewAdapterSnapshotTests.swift */,
			);
			path = Adapters;
			sourceTree = "<group>";
		};
		2A2E935828F9825B00BA48BB /* Mappers */ = {
			isa = PBXGroup;
			children = (
				2A2E935928F9829900BA48BB /* DetailFilmMapperTests.swift */,
				2A2E935B28F987DF00BA48BB /* ImageMapperTests.swift */,
				2A2E935D28F98CAC00BA48BB /* ListFilmMapperTests.swift */,
			);
			path = Mappers;
			sourceTree = "<group>";
		};
		2A51FA6728EF0644003D3EA1 = {
			isa = PBXGroup;
			children = (
				2A2D70DA28F2BED400E0802F /* PrivateNotes.md */,
				2A51FA7228EF0644003D3EA1 /* EssentialGhibli */,
				2A51FA8128EF0698003D3EA1 /* EssentialGhibli */,
				2AC0165C28F0A062002CA97C /* EssentialGhibliTests */,
				2A51FA7128EF0644003D3EA1 /* Products */,
				2A55D11C28EF8EF300DF8B76 /* Frameworks */,
			);
			sourceTree = "<group>";
		};
		2A51FA7128EF0644003D3EA1 /* Products */ = {
			isa = PBXGroup;
			children = (
				2A51FA7028EF0644003D3EA1 /* EssentialGhibli.app */,
				2AC0165B28F0A062002CA97C /* EssentialGhibliTests.xctest */,
			);
			name = Products;
			sourceTree = "<group>";
		};
		2A51FA7228EF0644003D3EA1 /* EssentialGhibli */ = {
			isa = PBXGroup;
			children = (
				2A51FA7328EF0644003D3EA1 /* EssentialGhibliApp.swift */,
				2A51FA7528EF0644003D3EA1 /* ContentView.swift */,
				2AC0165528F09FFF002CA97C /* Localizable.strings */,
				2AD17F9428F829FE0047B31A /* LoadingImageView.swift */,
				2A2E934B28F9608800BA48BB /* UIComposer.swift */,
				2A0AD07C28F8EB1B001488C6 /* DetailNavigationComposer.swift */,
				2A2E934D28F960B600BA48BB /* LoaderFactory.swift */,
				2A0AD07528F8EA89001488C6 /* Helpers */,
				2A0AD07028F8E9DD001488C6 /* Adapters */,
				2A0AD06928F8E95C001488C6 /* Mappers */,
				2AD17F9628F82F8B0047B31A /* ImageErrorView.swift */,
				2A62DCC128F44A3F00AF5560 /* composeLocalFeedLoader.swift */,
				2AB6D25628F057AE006C8855 /* ViewModel.swift */,
				2A2E934728F9519100BA48BB /* ListState.swift */,
				2A51FA7728EF0646003D3EA1 /* Assets.xcassets */,
				2A51FA7928EF0646003D3EA1 /* Preview Content */,
			);
			path = EssentialGhibli;
			sourceTree = "<group>";
		};
		2A51FA7928EF0646003D3EA1 /* Preview Content */ = {
			isa = PBXGroup;
			children = (
				2A51FA7A28EF0646003D3EA1 /* Preview Assets.xcassets */,
				2A2E935F28F99A3300BA48BB /* Loaders.swift */,
				2A2E936128F99C5500BA48BB /* Helpers.swift */,
			);
			path = "Preview Content";
			sourceTree = "<group>";
		};
		2A55D11C28EF8EF300DF8B76 /* Frameworks */ = {
			isa = PBXGroup;
			children = (
			);
			name = Frameworks;
			sourceTree = "<group>";
		};
		2AA1E74228F882B200EC410C /* Helpers */ = {
			isa = PBXGroup;
			children = (
				2AA1E77A28F8898A00EC410C /* XCTestCase+MemoryLeakTracking.swift */,
				2A2E935128F96F6D00BA48BB /* TestHelpers.swift */,
				2AA1E74328F882D100EC410C /* XCTest+assert.swift */,
			);
			path = Helpers;
			sourceTree = "<group>";
		};
		2AC0165C28F0A062002CA97C /* EssentialGhibliTests */ = {
			isa = PBXGroup;
			children = (
				2AA1E74228F882B200EC410C /* Helpers */,
				2AC0165D28F0A062002CA97C /* EssentialGhibliTests.swift */,
				2A8FA65B28F9D03A00D0BE9C /* LoaderComposerTests.swift */,
				2AC0166428F0A08C002CA97C /* EssentialGhibliLocalizationTests.swift */,
				2A2E935728F9824700BA48BB /* Adapters */,
				2A2E935828F9825B00BA48BB /* Mappers */,
				2AA1E74028F881D700EC410C /* LoadingImageViewSnapshotTests.swift */,
			);
			path = EssentialGhibliTests;
			sourceTree = "<group>";
		};
/* End PBXGroup section */

/* Begin PBXNativeTarget section */
		2A51FA6F28EF0644003D3EA1 /* EssentialGhibli */ = {
			isa = PBXNativeTarget;
			buildConfigurationList = 2A51FA7E28EF0646003D3EA1 /* Build configuration list for PBXNativeTarget "EssentialGhibli" */;
			buildPhases = (
				2A51FA6C28EF0644003D3EA1 /* Sources */,
				2A51FA6D28EF0644003D3EA1 /* Frameworks */,
				2A51FA6E28EF0644003D3EA1 /* Resources */,
			);
			buildRules = (
			);
			dependencies = (
			);
			name = EssentialGhibli;
			packageProductDependencies = (
				2A28385228F6BFF10013A761 /* API */,
				2A28385428F6BFF10013A761 /* Cache */,
				2A28385628F6BFF10013A761 /* CacheInfra */,
				2A28385828F6BFF10013A761 /* DetailFeature */,
				2A28385A28F6BFF10013A761 /* Domain */,
				2A28385C28F6BFF10013A761 /* GenericResourceView */,
				2A28385E28F6BFF10013A761 /* ListFeature */,
				2A28386028F6BFF20013A761 /* Presentation */,
				2A28386228F6BFF20013A761 /* RowFeature */,
				2A28386428F6BFF20013A761 /* SharedAPI */,
				2A28386628F6BFF20013A761 /* SharedAPIInfra */,
			);
			productName = EssentialGhibli;
			productReference = 2A51FA7028EF0644003D3EA1 /* EssentialGhibli.app */;
			productType = "com.apple.product-type.application";
		};
		2AC0165A28F0A062002CA97C /* EssentialGhibliTests */ = {
			isa = PBXNativeTarget;
			buildConfigurationList = 2AC0166128F0A062002CA97C /* Build configuration list for PBXNativeTarget "EssentialGhibliTests" */;
			buildPhases = (
				2AC0165728F0A062002CA97C /* Sources */,
				2AC0165828F0A062002CA97C /* Frameworks */,
				2AC0165928F0A062002CA97C /* Resources */,
			);
			buildRules = (
			);
			dependencies = (
				2AC0166028F0A062002CA97C /* PBXTargetDependency */,
			);
			name = EssentialGhibliTests;
			packageProductDependencies = (
				2AA1E74628F8832700EC410C /* SnapshotTesting */,
			);
			productName = EssentialGhibliTests;
			productReference = 2AC0165B28F0A062002CA97C /* EssentialGhibliTests.xctest */;
			productType = "com.apple.product-type.bundle.unit-test";
		};
/* End PBXNativeTarget section */

/* Begin PBXProject section */
		2A51FA6828EF0644003D3EA1 /* Project object */ = {
			isa = PBXProject;
			attributes = {
				BuildIndependentTargetsInParallel = 1;
				LastSwiftUpdateCheck = 1400;
				LastUpgradeCheck = 1400;
				TargetAttributes = {
					2A51FA6F28EF0644003D3EA1 = {
						CreatedOnToolsVersion = 14.0;
					};
					2AC0165A28F0A062002CA97C = {
						CreatedOnToolsVersion = 14.0.1;
						TestTargetID = 2A51FA6F28EF0644003D3EA1;
					};
				};
			};
			buildConfigurationList = 2A51FA6B28EF0644003D3EA1 /* Build configuration list for PBXProject "EssentialGhibli" */;
			compatibilityVersion = "Xcode 14.0";
			developmentRegion = en;
			hasScannedForEncodings = 0;
			knownRegions = (
				en,
				Base,
				ru,
			);
			mainGroup = 2A51FA6728EF0644003D3EA1;
			packageReferences = (
				2AA1E74528F8832700EC410C /* XCRemoteSwiftPackageReference "swift-snapshot-testing" */,
			);
			productRefGroup = 2A51FA7128EF0644003D3EA1 /* Products */;
			projectDirPath = "";
			projectRoot = "";
			targets = (
				2A51FA6F28EF0644003D3EA1 /* EssentialGhibli */,
				2AC0165A28F0A062002CA97C /* EssentialGhibliTests */,
			);
		};
/* End PBXProject section */

/* Begin PBXResourcesBuildPhase section */
		2A51FA6E28EF0644003D3EA1 /* Resources */ = {
			isa = PBXResourcesBuildPhase;
			buildActionMask = 2147483647;
			files = (
				2A51FA7B28EF0646003D3EA1 /* Preview Assets.xcassets in Resources */,
				2AC0165328F09FFF002CA97C /* Localizable.strings in Resources */,
				2A51FA7828EF0646003D3EA1 /* Assets.xcassets in Resources */,
			);
			runOnlyForDeploymentPostprocessing = 0;
		};
		2AC0165928F0A062002CA97C /* Resources */ = {
			isa = PBXResourcesBuildPhase;
			buildActionMask = 2147483647;
			files = (
			);
			runOnlyForDeploymentPostprocessing = 0;
		};
/* End PBXResourcesBuildPhase section */

/* Begin PBXSourcesBuildPhase section */
		2A51FA6C28EF0644003D3EA1 /* Sources */ = {
			isa = PBXSourcesBuildPhase;
			buildActionMask = 2147483647;
			files = (
				2A0AD07D28F8EB1B001488C6 /* DetailNavigationComposer.swift in Sources */,
				2A2E936228F99C5500BA48BB /* Helpers.swift in Sources */,
				2A62DCC228F44A3F00AF5560 /* composeLocalFeedLoader.swift in Sources */,
				2A2E934C28F9608800BA48BB /* UIComposer.swift in Sources */,
				2A2E934828F9519100BA48BB /* ListState.swift in Sources */,
				2A2E934E28F960B600BA48BB /* LoaderFactory.swift in Sources */,
				2A0AD06D28F8E989001488C6 /* ListFilmMapper.swift in Sources */,
				2A0AD07228F8E9EF001488C6 /* FilmRowViewAdapter.swift in Sources */,
				2A51FA7628EF0644003D3EA1 /* ContentView.swift in Sources */,
				2A8FA65E28F9DFB600D0BE9C /* MappingError.swift in Sources */,
				2A0AD07928F8EAB0001488C6 /* ProgressLoadingView.swift in Sources */,
				2AB6D25728F057AE006C8855 /* ViewModel.swift in Sources */,
				2A0AD06B28F8E976001488C6 /* HTTPURLResponse+is200.swift in Sources */,
				2AA1E73F28F8674600EC410C /* ImageMapper.swift in Sources */,
				2A51FA7428EF0644003D3EA1 /* EssentialGhibliApp.swift in Sources */,
				2A0AD06F28F8E99C001488C6 /* DetailFilmMapper.swift in Sources */,
				2AD17F9728F82F8B0047B31A /* ImageErrorView.swift in Sources */,
				2A2E934A28F9586600BA48BB /* FilmListViewAdapter.swift in Sources */,
				2AD17F9528F829FE0047B31A /* LoadingImageView.swift in Sources */,
				2A0AD07428F8EA0A001488C6 /* FilmDetailViewAdapter.swift in Sources */,
				2A2E936028F99A3300BA48BB /* Loaders.swift in Sources */,
				2A0AD07B28F8EAC5001488C6 /* ErrorView.swift in Sources */,
			);
			runOnlyForDeploymentPostprocessing = 0;
		};
		2AC0165728F0A062002CA97C /* Sources */ = {
			isa = PBXSourcesBuildPhase;
			buildActionMask = 2147483647;
			files = (
				2A8FA65C28F9D03A00D0BE9C /* LoaderComposerTests.swift in Sources */,
				2AC0166528F0A08C002CA97C /* EssentialGhibliLocalizationTests.swift in Sources */,
				2AC0165E28F0A062002CA97C /* EssentialGhibliTests.swift in Sources */,
				2A2E935C28F987DF00BA48BB /* ImageMapperTests.swift in Sources */,
				2A2E935228F96F6D00BA48BB /* TestHelpers.swift in Sources */,
				2A2E935E28F98CAC00BA48BB /* ListFilmMapperTests.swift in Sources */,
				2A2E935A28F9829900BA48BB /* DetailFilmMapperTests.swift in Sources */,
				2AA1E74428F882D100EC410C /* XCTest+assert.swift in Sources */,
				2A2E935628F97AB100BA48BB /* FilmDetailViewAdapterSnapshotTests.swift in Sources */,
				2A2E935428F975BA00BA48BB /* FilmListViewAdapterSnapshotTests.swift in Sources */,
				2AA1E74128F881D700EC410C /* LoadingImageViewSnapshotTests.swift in Sources */,
				2AA1E77C28F889B200EC410C /* XCTestCase+MemoryLeakTracking.swift in Sources */,
				2A2E935028F96F0100BA48BB /* FilmRowViewAdapterSnapshotTests.swift in Sources */,
			);
			runOnlyForDeploymentPostprocessing = 0;
		};
/* End PBXSourcesBuildPhase section */

/* Begin PBXTargetDependency section */
		2AC0166028F0A062002CA97C /* PBXTargetDependency */ = {
			isa = PBXTargetDependency;
			target = 2A51FA6F28EF0644003D3EA1 /* EssentialGhibli */;
			targetProxy = 2AC0165F28F0A062002CA97C /* PBXContainerItemProxy */;
		};
/* End PBXTargetDependency section */

/* Begin PBXVariantGroup section */
		2AC0165528F09FFF002CA97C /* Localizable.strings */ = {
			isa = PBXVariantGroup;
			children = (
				2AC0165428F09FFF002CA97C /* en */,
				2AC0165628F0A000002CA97C /* ru */,
			);
			name = Localizable.strings;
			sourceTree = "<group>";
		};
/* End PBXVariantGroup section */

/* Begin XCBuildConfiguration section */
		2A51FA7C28EF0646003D3EA1 /* Debug */ = {
			isa = XCBuildConfiguration;
			buildSettings = {
				ALWAYS_SEARCH_USER_PATHS = NO;
				CLANG_ANALYZER_LOCALIZABILITY_NONLOCALIZED = YES;
				CLANG_ANALYZER_NONNULL = YES;
				CLANG_ANALYZER_NUMBER_OBJECT_CONVERSION = YES_AGGRESSIVE;
				CLANG_CXX_LANGUAGE_STANDARD = "gnu++20";
				CLANG_ENABLE_MODULES = YES;
				CLANG_ENABLE_OBJC_ARC = YES;
				CLANG_ENABLE_OBJC_WEAK = YES;
				CLANG_WARN_BLOCK_CAPTURE_AUTORELEASING = YES;
				CLANG_WARN_BOOL_CONVERSION = YES;
				CLANG_WARN_COMMA = YES;
				CLANG_WARN_CONSTANT_CONVERSION = YES;
				CLANG_WARN_DEPRECATED_OBJC_IMPLEMENTATIONS = YES;
				CLANG_WARN_DIRECT_OBJC_ISA_USAGE = YES_ERROR;
				CLANG_WARN_DOCUMENTATION_COMMENTS = YES;
				CLANG_WARN_EMPTY_BODY = YES;
				CLANG_WARN_ENUM_CONVERSION = YES;
				CLANG_WARN_INFINITE_RECURSION = YES;
				CLANG_WARN_INT_CONVERSION = YES;
				CLANG_WARN_NON_LITERAL_NULL_CONVERSION = YES;
				CLANG_WARN_OBJC_IMPLICIT_RETAIN_SELF = YES;
				CLANG_WARN_OBJC_LITERAL_CONVERSION = YES;
				CLANG_WARN_OBJC_ROOT_CLASS = YES_ERROR;
				CLANG_WARN_QUOTED_INCLUDE_IN_FRAMEWORK_HEADER = YES;
				CLANG_WARN_RANGE_LOOP_ANALYSIS = YES;
				CLANG_WARN_STRICT_PROTOTYPES = YES;
				CLANG_WARN_SUSPICIOUS_MOVE = YES;
				CLANG_WARN_UNGUARDED_AVAILABILITY = YES_AGGRESSIVE;
				CLANG_WARN_UNREACHABLE_CODE = YES;
				CLANG_WARN__DUPLICATE_METHOD_MATCH = YES;
				COPY_PHASE_STRIP = NO;
				DEBUG_INFORMATION_FORMAT = dwarf;
				ENABLE_STRICT_OBJC_MSGSEND = YES;
				ENABLE_TESTABILITY = YES;
				GCC_C_LANGUAGE_STANDARD = gnu11;
				GCC_DYNAMIC_NO_PIC = NO;
				GCC_NO_COMMON_BLOCKS = YES;
				GCC_OPTIMIZATION_LEVEL = 0;
				GCC_PREPROCESSOR_DEFINITIONS = (
					"DEBUG=1",
					"$(inherited)",
				);
				GCC_WARN_64_TO_32_BIT_CONVERSION = YES;
				GCC_WARN_ABOUT_RETURN_TYPE = YES_ERROR;
				GCC_WARN_UNDECLARED_SELECTOR = YES;
				GCC_WARN_UNINITIALIZED_AUTOS = YES_AGGRESSIVE;
				GCC_WARN_UNUSED_FUNCTION = YES;
				GCC_WARN_UNUSED_VARIABLE = YES;
				IPHONEOS_DEPLOYMENT_TARGET = 16.0;
				MTL_ENABLE_DEBUG_INFO = INCLUDE_SOURCE;
				MTL_FAST_MATH = YES;
				ONLY_ACTIVE_ARCH = YES;
				SDKROOT = iphoneos;
				SWIFT_ACTIVE_COMPILATION_CONDITIONS = DEBUG;
				SWIFT_OPTIMIZATION_LEVEL = "-Onone";
			};
			name = Debug;
		};
		2A51FA7D28EF0646003D3EA1 /* Release */ = {
			isa = XCBuildConfiguration;
			buildSettings = {
				ALWAYS_SEARCH_USER_PATHS = NO;
				CLANG_ANALYZER_LOCALIZABILITY_NONLOCALIZED = YES;
				CLANG_ANALYZER_NONNULL = YES;
				CLANG_ANALYZER_NUMBER_OBJECT_CONVERSION = YES_AGGRESSIVE;
				CLANG_CXX_LANGUAGE_STANDARD = "gnu++20";
				CLANG_ENABLE_MODULES = YES;
				CLANG_ENABLE_OBJC_ARC = YES;
				CLANG_ENABLE_OBJC_WEAK = YES;
				CLANG_WARN_BLOCK_CAPTURE_AUTORELEASING = YES;
				CLANG_WARN_BOOL_CONVERSION = YES;
				CLANG_WARN_COMMA = YES;
				CLANG_WARN_CONSTANT_CONVERSION = YES;
				CLANG_WARN_DEPRECATED_OBJC_IMPLEMENTATIONS = YES;
				CLANG_WARN_DIRECT_OBJC_ISA_USAGE = YES_ERROR;
				CLANG_WARN_DOCUMENTATION_COMMENTS = YES;
				CLANG_WARN_EMPTY_BODY = YES;
				CLANG_WARN_ENUM_CONVERSION = YES;
				CLANG_WARN_INFINITE_RECURSION = YES;
				CLANG_WARN_INT_CONVERSION = YES;
				CLANG_WARN_NON_LITERAL_NULL_CONVERSION = YES;
				CLANG_WARN_OBJC_IMPLICIT_RETAIN_SELF = YES;
				CLANG_WARN_OBJC_LITERAL_CONVERSION = YES;
				CLANG_WARN_OBJC_ROOT_CLASS = YES_ERROR;
				CLANG_WARN_QUOTED_INCLUDE_IN_FRAMEWORK_HEADER = YES;
				CLANG_WARN_RANGE_LOOP_ANALYSIS = YES;
				CLANG_WARN_STRICT_PROTOTYPES = YES;
				CLANG_WARN_SUSPICIOUS_MOVE = YES;
				CLANG_WARN_UNGUARDED_AVAILABILITY = YES_AGGRESSIVE;
				CLANG_WARN_UNREACHABLE_CODE = YES;
				CLANG_WARN__DUPLICATE_METHOD_MATCH = YES;
				COPY_PHASE_STRIP = NO;
				DEBUG_INFORMATION_FORMAT = "dwarf-with-dsym";
				ENABLE_NS_ASSERTIONS = NO;
				ENABLE_STRICT_OBJC_MSGSEND = YES;
				GCC_C_LANGUAGE_STANDARD = gnu11;
				GCC_NO_COMMON_BLOCKS = YES;
				GCC_WARN_64_TO_32_BIT_CONVERSION = YES;
				GCC_WARN_ABOUT_RETURN_TYPE = YES_ERROR;
				GCC_WARN_UNDECLARED_SELECTOR = YES;
				GCC_WARN_UNINITIALIZED_AUTOS = YES_AGGRESSIVE;
				GCC_WARN_UNUSED_FUNCTION = YES;
				GCC_WARN_UNUSED_VARIABLE = YES;
				IPHONEOS_DEPLOYMENT_TARGET = 16.0;
				MTL_ENABLE_DEBUG_INFO = NO;
				MTL_FAST_MATH = YES;
				SDKROOT = iphoneos;
				SWIFT_COMPILATION_MODE = wholemodule;
				SWIFT_OPTIMIZATION_LEVEL = "-O";
				VALIDATE_PRODUCT = YES;
			};
			name = Release;
		};
		2A51FA7F28EF0646003D3EA1 /* Debug */ = {
			isa = XCBuildConfiguration;
			buildSettings = {
				ASSETCATALOG_COMPILER_APPICON_NAME = AppIcon;
				ASSETCATALOG_COMPILER_GLOBAL_ACCENT_COLOR_NAME = AccentColor;
				CODE_SIGN_STYLE = Automatic;
				CURRENT_PROJECT_VERSION = 1;
				DEVELOPMENT_ASSET_PATHS = "\"EssentialGhibli/Preview Content\"";
				DEVELOPMENT_TEAM = VRVJ9YNRQU;
				ENABLE_PREVIEWS = YES;
				GENERATE_INFOPLIST_FILE = YES;
				INFOPLIST_KEY_UIApplicationSceneManifest_Generation = YES;
				INFOPLIST_KEY_UIApplicationSupportsIndirectInputEvents = YES;
				INFOPLIST_KEY_UILaunchScreen_Generation = YES;
				INFOPLIST_KEY_UISupportedInterfaceOrientations_iPad = "UIInterfaceOrientationPortrait UIInterfaceOrientationPortraitUpsideDown UIInterfaceOrientationLandscapeLeft UIInterfaceOrientationLandscapeRight";
				INFOPLIST_KEY_UISupportedInterfaceOrientations_iPhone = "UIInterfaceOrientationPortrait UIInterfaceOrientationLandscapeLeft UIInterfaceOrientationLandscapeRight";
				LD_RUNPATH_SEARCH_PATHS = (
					"$(inherited)",
					"@executable_path/Frameworks",
				);
				MARKETING_VERSION = 1.0;
				PRODUCT_BUNDLE_IDENTIFIER = com.photoigor.EssentialGhibli;
				PRODUCT_NAME = "$(TARGET_NAME)";
				SWIFT_EMIT_LOC_STRINGS = YES;
				SWIFT_VERSION = 5.0;
				TARGETED_DEVICE_FAMILY = "1,2";
			};
			name = Debug;
		};
		2A51FA8028EF0646003D3EA1 /* Release */ = {
			isa = XCBuildConfiguration;
			buildSettings = {
				ASSETCATALOG_COMPILER_APPICON_NAME = AppIcon;
				ASSETCATALOG_COMPILER_GLOBAL_ACCENT_COLOR_NAME = AccentColor;
				CODE_SIGN_STYLE = Automatic;
				CURRENT_PROJECT_VERSION = 1;
				DEVELOPMENT_ASSET_PATHS = "\"EssentialGhibli/Preview Content\"";
				DEVELOPMENT_TEAM = VRVJ9YNRQU;
				ENABLE_PREVIEWS = YES;
				GENERATE_INFOPLIST_FILE = YES;
				INFOPLIST_KEY_UIApplicationSceneManifest_Generation = YES;
				INFOPLIST_KEY_UIApplicationSupportsIndirectInputEvents = YES;
				INFOPLIST_KEY_UILaunchScreen_Generation = YES;
				INFOPLIST_KEY_UISupportedInterfaceOrientations_iPad = "UIInterfaceOrientationPortrait UIInterfaceOrientationPortraitUpsideDown UIInterfaceOrientationLandscapeLeft UIInterfaceOrientationLandscapeRight";
				INFOPLIST_KEY_UISupportedInterfaceOrientations_iPhone = "UIInterfaceOrientationPortrait UIInterfaceOrientationLandscapeLeft UIInterfaceOrientationLandscapeRight";
				LD_RUNPATH_SEARCH_PATHS = (
					"$(inherited)",
					"@executable_path/Frameworks",
				);
				MARKETING_VERSION = 1.0;
				PRODUCT_BUNDLE_IDENTIFIER = com.photoigor.EssentialGhibli;
				PRODUCT_NAME = "$(TARGET_NAME)";
				SWIFT_EMIT_LOC_STRINGS = YES;
				SWIFT_VERSION = 5.0;
				TARGETED_DEVICE_FAMILY = "1,2";
			};
			name = Release;
		};
		2AC0166228F0A062002CA97C /* Debug */ = {
			isa = XCBuildConfiguration;
			buildSettings = {
				BUNDLE_LOADER = "$(TEST_HOST)";
				CODE_SIGN_STYLE = Automatic;
				CURRENT_PROJECT_VERSION = 1;
				DEVELOPMENT_TEAM = VRVJ9YNRQU;
				GENERATE_INFOPLIST_FILE = YES;
				MARKETING_VERSION = 1.0;
				PRODUCT_BUNDLE_IDENTIFIER = com.photoigor.EssentialGhibliTests;
				PRODUCT_NAME = "$(TARGET_NAME)";
				SWIFT_EMIT_LOC_STRINGS = NO;
				SWIFT_VERSION = 5.0;
				TARGETED_DEVICE_FAMILY = "1,2";
				TEST_HOST = "$(BUILT_PRODUCTS_DIR)/EssentialGhibli.app/$(BUNDLE_EXECUTABLE_FOLDER_PATH)/EssentialGhibli";
			};
			name = Debug;
		};
		2AC0166328F0A062002CA97C /* Release */ = {
			isa = XCBuildConfiguration;
			buildSettings = {
				BUNDLE_LOADER = "$(TEST_HOST)";
				CODE_SIGN_STYLE = Automatic;
				CURRENT_PROJECT_VERSION = 1;
				DEVELOPMENT_TEAM = VRVJ9YNRQU;
				GENERATE_INFOPLIST_FILE = YES;
				MARKETING_VERSION = 1.0;
				PRODUCT_BUNDLE_IDENTIFIER = com.photoigor.EssentialGhibliTests;
				PRODUCT_NAME = "$(TARGET_NAME)";
				SWIFT_EMIT_LOC_STRINGS = NO;
				SWIFT_VERSION = 5.0;
				TARGETED_DEVICE_FAMILY = "1,2";
				TEST_HOST = "$(BUILT_PRODUCTS_DIR)/EssentialGhibli.app/$(BUNDLE_EXECUTABLE_FOLDER_PATH)/EssentialGhibli";
			};
			name = Release;
		};
/* End XCBuildConfiguration section */

/* Begin XCConfigurationList section */
		2A51FA6B28EF0644003D3EA1 /* Build configuration list for PBXProject "EssentialGhibli" */ = {
			isa = XCConfigurationList;
			buildConfigurations = (
				2A51FA7C28EF0646003D3EA1 /* Debug */,
				2A51FA7D28EF0646003D3EA1 /* Release */,
			);
			defaultConfigurationIsVisible = 0;
			defaultConfigurationName = Release;
		};
		2A51FA7E28EF0646003D3EA1 /* Build configuration list for PBXNativeTarget "EssentialGhibli" */ = {
			isa = XCConfigurationList;
			buildConfigurations = (
				2A51FA7F28EF0646003D3EA1 /* Debug */,
				2A51FA8028EF0646003D3EA1 /* Release */,
			);
			defaultConfigurationIsVisible = 0;
			defaultConfigurationName = Release;
		};
		2AC0166128F0A062002CA97C /* Build configuration list for PBXNativeTarget "EssentialGhibliTests" */ = {
			isa = XCConfigurationList;
			buildConfigurations = (
				2AC0166228F0A062002CA97C /* Debug */,
				2AC0166328F0A062002CA97C /* Release */,
			);
			defaultConfigurationIsVisible = 0;
			defaultConfigurationName = Release;
		};
/* End XCConfigurationList section */

/* Begin XCRemoteSwiftPackageReference section */
		2AA1E74528F8832700EC410C /* XCRemoteSwiftPackageReference "swift-snapshot-testing" */ = {
			isa = XCRemoteSwiftPackageReference;
			repositoryURL = "https://github.com/pointfreeco/swift-snapshot-testing";
			requirement = {
				kind = upToNextMajorVersion;
				minimumVersion = 1.0.0;
			};
		};
/* End XCRemoteSwiftPackageReference section */

/* Begin XCSwiftPackageProductDependency section */
		2A28385228F6BFF10013A761 /* API */ = {
			isa = XCSwiftPackageProductDependency;
			productName = API;
		};
		2A28385428F6BFF10013A761 /* Cache */ = {
			isa = XCSwiftPackageProductDependency;
			productName = Cache;
		};
		2A28385628F6BFF10013A761 /* CacheInfra */ = {
			isa = XCSwiftPackageProductDependency;
			productName = CacheInfra;
		};
		2A28385828F6BFF10013A761 /* DetailFeature */ = {
			isa = XCSwiftPackageProductDependency;
			productName = DetailFeature;
		};
		2A28385A28F6BFF10013A761 /* Domain */ = {
			isa = XCSwiftPackageProductDependency;
			productName = Domain;
		};
		2A28385C28F6BFF10013A761 /* GenericResourceView */ = {
			isa = XCSwiftPackageProductDependency;
			productName = GenericResourceView;
		};
		2A28385E28F6BFF10013A761 /* ListFeature */ = {
			isa = XCSwiftPackageProductDependency;
			productName = ListFeature;
		};
		2A28386028F6BFF20013A761 /* Presentation */ = {
			isa = XCSwiftPackageProductDependency;
			productName = Presentation;
		};
		2A28386228F6BFF20013A761 /* RowFeature */ = {
			isa = XCSwiftPackageProductDependency;
			productName = RowFeature;
		};
		2A28386428F6BFF20013A761 /* SharedAPI */ = {
			isa = XCSwiftPackageProductDependency;
			productName = SharedAPI;
		};
		2A28386628F6BFF20013A761 /* SharedAPIInfra */ = {
			isa = XCSwiftPackageProductDependency;
			productName = SharedAPIInfra;
		};
		2AA1E74628F8832700EC410C /* SnapshotTesting */ = {
			isa = XCSwiftPackageProductDependency;
			package = 2AA1E74528F8832700EC410C /* XCRemoteSwiftPackageReference "swift-snapshot-testing" */;
			productName = SnapshotTesting;
		};
/* End XCSwiftPackageProductDependency section */
	};
	rootObject = 2A51FA6828EF0644003D3EA1 /* Project object */;
}
